
Microsoft Visual Studio Solution File, Format Version 12.00
# Visual Studio Version 17
VisualStudioVersion = 17.4.33205.214
MinimumVisualStudioVersion = 10.0.40219.1
Project("{FAE04EC0-301F-11D3-BF4B-00C04F79EFBC}") = "WebApiBase", "WebApiBase.csproj", "{CA8CA421-0E05-4A93-BF59-D48FFBEAF3E8}"
EndProject
Global
	GlobalSection(SolutionConfigurationPlatforms) = preSolution
		Debug|Any CPU = Debug|Any CPU
		Release|Any CPU = Release|Any CPU
	EndGlobalSection
	GlobalSection(ProjectConfigurationPlatforms) = postSolution
		{CA8CA421-0E05-4A93-BF59-D48FFBEAF3E8}.Debug|Any CPU.ActiveCfg = Debug|Any CPU
		{CA8CA421-0E05-4A93-BF59-D48FFBEAF3E8}.Debug|Any CPU.Build.0 = Debug|Any CPU
		{CA8CA421-0E05-4A93-BF59-D48FFBEAF3E8}.Release|Any CPU.ActiveCfg = Release|Any CPU
		{CA8CA421-0E05-4A93-BF59-D48FFBEAF3E8}.Release|Any CPU.Build.0 = Release|Any CPU
	EndGlobalSection
	GlobalSection(SolutionProperties) = preSolution
		HideSolutionNode = FALSE
	EndGlobalSection
	GlobalSection(ExtensibilityGlobals) = postSolution
		SolutionGuid = {BDEBAF5D-0CD3-44C4-8A73-FD2E25887759}
	EndGlobalSection
EndGlobal
